
Microsoft Visual Studio Solution File, Format Version 12.00
# Visual Studio 15
VisualStudioVersion = 15.0.27703.2000
MinimumVisualStudioVersion = 10.0.40219.1
Project("{FAE04EC0-301F-11D3-BF4B-00C04F79EFBC}") = "MyBlog.Web", "MyBlog.Web\MyBlog.Web.csproj", "{BBC56DE5-3487-4948-9D66-B6C2F1B9BD1D}"
EndProject
Project("{FAE04EC0-301F-11D3-BF4B-00C04F79EFBC}") = "MyBlog.WebTests", "MyBlog.WebTests\MyBlog.WebTests.csproj", "{E765CD35-072A-4484-903A-1DCAAA5B7E7C}"
EndProject
Project("{2150E333-8FDC-42A3-9474-1A3956D46DE8}") = ".nuget", ".nuget", "{939EECAE-31B4-4DA6-879A-5785D2F1EE66}"
	ProjectSection(SolutionItems) = preProject
		.nuget\NuGet.Config = .nuget\NuGet.Config
		.nuget\NuGet.exe = .nuget\NuGet.exe
		.nuget\NuGet.targets = .nuget\NuGet.targets
	EndProjectSection
EndProject
Global
	GlobalSection(SolutionConfigurationPlatforms) = preSolution
		Debug|Any CPU = Debug|Any CPU
		Release|Any CPU = Release|Any CPU
	EndGlobalSection
	GlobalSection(ProjectConfigurationPlatforms) = postSolution
		{BBC56DE5-3487-4948-9D66-B6C2F1B9BD1D}.Debug|Any CPU.ActiveCfg = Debug|Any CPU
		{BBC56DE5-3487-4948-9D66-B6C2F1B9BD1D}.Debug|Any CPU.Build.0 = Debug|Any CPU
		{BBC56DE5-3487-4948-9D66-B6C2F1B9BD1D}.Release|Any CPU.ActiveCfg = Release|Any CPU
		{BBC56DE5-3487-4948-9D66-B6C2F1B9BD1D}.Release|Any CPU.Build.0 = Release|Any CPU
		{E765CD35-072A-4484-903A-1DCAAA5B7E7C}.Debug|Any CPU.ActiveCfg = Debug|Any CPU
		{E765CD35-072A-4484-903A-1DCAAA5B7E7C}.Debug|Any CPU.Build.0 = Debug|Any CPU
		{E765CD35-072A-4484-903A-1DCAAA5B7E7C}.Release|Any CPU.ActiveCfg = Release|Any CPU
		{E765CD35-072A-4484-903A-1DCAAA5B7E7C}.Release|Any CPU.Build.0 = Release|Any CPU
	EndGlobalSection
	GlobalSection(SolutionProperties) = preSolution
		HideSolutionNode = FALSE
	EndGlobalSection
	GlobalSection(ExtensibilityGlobals) = postSolution
		SolutionGuid = {A0EBAFF7-C9A5-439A-BB82-D7D212081502}
	EndGlobalSection
EndGlobal
